
Microsoft Visual Studio Solution File, Format Version 12.00
# Visual Studio Version 17
VisualStudioVersion = 17.7.34202.233
MinimumVisualStudioVersion = 10.0.40219.1
Project("{FAE04EC0-301F-11D3-BF4B-00C04F79EFBC}") = "MazeAlgorithmTester", "MazeAlgorithmTester\MazeAlgorithmTester.csproj", "{DBE0160E-13BC-4B53-9BFA-2505FF7BD9F7}"
EndProject
Global
	GlobalSection(SolutionConfigurationPlatforms) = preSolution
		Debug|Any CPU = Debug|Any CPU
		Release|Any CPU = Release|Any CPU
	EndGlobalSection
	GlobalSection(ProjectConfigurationPlatforms) = postSolution
		{DBE0160E-13BC-4B53-9BFA-2505FF7BD9F7}.Debug|Any CPU.ActiveCfg = Debug|Any CPU
		{DBE0160E-13BC-4B53-9BFA-2505FF7BD9F7}.Debug|Any CPU.Build.0 = Debug|Any CPU
		{DBE0160E-13BC-4B53-9BFA-2505FF7BD9F7}.Release|Any CPU.ActiveCfg = Release|Any CPU
		{DBE0160E-13BC-4B53-9BFA-2505FF7BD9F7}.Release|Any CPU.Build.0 = Release|Any CPU
	EndGlobalSection
	GlobalSection(SolutionProperties) = preSolution
		HideSolutionNode = FALSE
	EndGlobalSection
	GlobalSection(ExtensibilityGlobals) = postSolution
		SolutionGuid = {98C84933-A7F2-4BA4-A86F-FBDFA9AF8853}
	EndGlobalSection
EndGlobal
